PODS:
  - Alamofire (5.10.2)
  - BigInt (5.2.0)
  - Capacitor (6.2.1):
    - CapacitorCordova
  - CapacitorApp (6.0.3):
    - Capacitor
  - CapacitorBrowser (6.0.6):
    - Capacitor
  - CapacitorCordova (6.2.1)
  - CapacitorPreferences (6.0.4):
    - Capacitor
  - CapacitorPushNotifications (6.0.5):
    - Capacitor
  - CapacitorSplashScreen (6.0.4):
    - Capacitor
  - CapacitorStatusBar (6.0.3):
    - Capacitor
  - CapgoCapacitorUpdater (8.45.11):
    - Alamofire (= 5.10.2)
    - BigInt (= 5.2.0)
    - Capacitor
    - Version (= 0.8.0)
    - ZIPFoundation (~> 0.9)
  - Version (0.8.0)
  - ZIPFoundation (0.9.20)

DEPENDENCIES:
  - "Capacitor (from `../../node_modules/@capacitor/ios`)"
  - "CapacitorApp (from `../../node_modules/@capacitor/app`)"
  - "CapacitorBrowser (from `../../node_modules/@capacitor/browser`)"
  - "CapacitorCordova (from `../../node_modules/@capacitor/ios`)"
  - "CapacitorPreferences (from `../../node_modules/@capacitor/preferences`)"
  - "CapacitorPushNotifications (from `../../node_modules/@capacitor/push-notifications`)"
  - "CapacitorSplashScreen (from `../../node_modules/@capacitor/splash-screen`)"
  - "CapacitorStatusBar (from `../../node_modules/@capacitor/status-bar`)"
  - "CapgoCapacitorUpdater (from `../../node_modules/@capgo/capacitor-updater`)"

SPEC REPOS:
  trunk:
    - Alamofire
    - BigInt
    - Version
    - ZIPFoundation

EXTERNAL SOURCES:
  Capacitor:
    :path: "../../node_modules/@capacitor/ios"
  CapacitorApp:
    :path: "../../node_modules/@capacitor/app"
  CapacitorBrowser:
    :path: "../../node_modules/@capacitor/browser"
  CapacitorCordova:
    :path: "../../node_modules/@capacitor/ios"
  CapacitorPreferences:
    :path: "../../node_modules/@capacitor/preferences"
  CapacitorPushNotifications:
    :path: "../../node_modules/@capacitor/push-notifications"
  CapacitorSplashScreen:
    :path: "../../node_modules/@capacitor/splash-screen"
  CapacitorStatusBar:
    :path: "../../node_modules/@capacitor/status-bar"
  CapgoCapacitorUpdater:
    :path: "../../node_modules/@capgo/capacitor-updater"

SPEC CHECKSUMS:
  Alamofire: 7193b3b92c74a07f85569e1a6c4f4237291e7496
  BigInt: f668a80089607f521586bbe29513d708491ef2f7
  Capacitor: c95400d761e376be9da6be5a05f226c0e865cebf
  CapacitorApp: a19ccb4f5f32d2534be5c6f524d5a9b614a1e8a7
  CapacitorBrowser: 825163a1d6adce944ac7b9e3cab101146b5a9df8
  CapacitorCordova: 8d93e14982f440181be7304aa9559ca631d77fff
  CapacitorPreferences: 5848e0691b36b4bb4acc98e481ab56d451578d30
  CapacitorPushNotifications: 35abece14371c57172e8321c9ccc8b6fa35fabfe
  CapacitorSplashScreen: ef140a8b1ea7244e0c245ce2dd4ce5251e7ab86a
  CapacitorStatusBar: 149cde8f1328ec3aa6cbdd872a55137ae3f98b16
  CapgoCapacitorUpdater: 67e9b15ca0f3de25b62a8fe82a0e5964b04c42ec
  Version: de5907f2c5d0f3cf21708db7801d1d5401139486
  ZIPFoundation: dfd3d681c4053ff7e2f7350bc4e53b5dba3f5351

PODFILE CHECKSUM: 22727dde735b3b4ecc7f7e0ce0699a41de69e267

COCOAPODS: 1.16.2
